%{"elixir_ale": {:hex, :elixir_ale, "0.7.0", "8c0c4b40e5e0ba869c8100c10f9e6fd09191204dd3c6c99add232fdb4e2a341a", [:make, :mix], [{:elixir_make, "~> 0.4", [hex: :elixir_make, optional: false]}]},
  "elixir_make": {:hex, :elixir_make, "0.4.0", "992f38fabe705bb45821a728f20914c554b276838433349d4f2341f7a687cddf", [:mix], []}}
