%{"elixir_ale": {:hex, :elixir_ale, "0.6.0", "b80c2e36fe8ad62374c6145037a7fb190eba5185dc32682aeb8de940ff88f2a4", [:make, :mix], [{:elixir_make, "~> 0.4", [hex: :elixir_make, optional: false]}]},
  "elixir_make": {:hex, :elixir_make, "0.4.0", "992f38fabe705bb45821a728f20914c554b276838433349d4f2341f7a687cddf", [:mix], []}}
